
Microsoft Visual Studio Solution File, Format Version 11.00
# Visual Studio 2010
Project("{FAE04EC0-301F-11D3-BF4B-00C04F79EFBC}") = "PacotesHomolog", "PacotesHomolog\PacotesHomolog.csproj", "{DB105D62-38D8-43EF-8B3D-FF604C04E637}"
EndProject
Global
	GlobalSection(SolutionConfigurationPlatforms) = preSolution
		Debug|x86 = Debug|x86
		Release|x86 = Release|x86
	EndGlobalSection
	GlobalSection(ProjectConfigurationPlatforms) = postSolution
		{DB105D62-38D8-43EF-8B3D-FF604C04E637}.Debug|x86.ActiveCfg = Debug|x86
		{DB105D62-38D8-43EF-8B3D-FF604C04E637}.Debug|x86.Build.0 = Debug|x86
		{DB105D62-38D8-43EF-8B3D-FF604C04E637}.Release|x86.ActiveCfg = Release|x86
		{DB105D62-38D8-43EF-8B3D-FF604C04E637}.Release|x86.Build.0 = Release|x86
	EndGlobalSection
	GlobalSection(SolutionProperties) = preSolution
		HideSolutionNode = FALSE
	EndGlobalSection
EndGlobal
